
Microsoft Visual Studio Solution File, Format Version 12.00
# Visual Studio Version 17
VisualStudioVersion = 17.0.31903.59
MinimumVisualStudioVersion = 10.0.40219.1
Project("{2150E333-8FDC-42A3-9474-1A3956D46DE8}") = "src", "src", "{827E0CD3-B72D-47B6-A68D-7590B98EB39B}"
EndProject
Project("{FAE04EC0-301F-11D3-BF4B-00C04F79EFBC}") = "SmartTaskManager.Domain", "src\SmartTaskManager.Domain\SmartTaskManager.Domain.csproj", "{23D6C0F9-7F9A-4049-8F17-02D1A6C12A02}"
EndProject
Project("{FAE04EC0-301F-11D3-BF4B-00C04F79EFBC}") = "SmartTaskManager.Application", "src\SmartTaskManager.Application\SmartTaskManager.Application.csproj", "{371083A2-77A3-4E13-A279-030B098EA9EB}"
EndProject
Project("{FAE04EC0-301F-11D3-BF4B-00C04F79EFBC}") = "SmartTaskManager.Infrastructure", "src\SmartTaskManager.Infrastructure\SmartTaskManager.Infrastructure.csproj", "{A9C7177A-28E5-4179-AAB8-9EB0DCAD3BDE}"
EndProject
Project("{FAE04EC0-301F-11D3-BF4B-00C04F79EFBC}") = "SmartTaskManager.Api", "src\SmartTaskManager.Api\SmartTaskManager.Api.csproj", "{734F7C3C-6198-44E2-862D-AEB0861BE378}"
EndProject
Project("{FAE04EC0-301F-11D3-BF4B-00C04F79EFBC}") = "SmartTaskManager.Web", "src\SmartTaskManager.Web\SmartTaskManager.Web.csproj", "{16E0FA17-D50A-4DE0-9823-336C3C7B7E58}"
EndProject
Global
	GlobalSection(SolutionConfigurationPlatforms) = preSolution
		Debug|Any CPU = Debug|Any CPU
		Debug|x64 = Debug|x64
		Debug|x86 = Debug|x86
		Release|Any CPU = Release|Any CPU
		Release|x64 = Release|x64
		Release|x86 = Release|x86
	EndGlobalSection
	GlobalSection(ProjectConfigurationPlatforms) = postSolution
		{23D6C0F9-7F9A-4049-8F17-02D1A6C12A02}.Debug|Any CPU.ActiveCfg = Debug|Any CPU
		{23D6C0F9-7F9A-4049-8F17-02D1A6C12A02}.Debug|Any CPU.Build.0 = Debug|Any CPU
		{23D6C0F9-7F9A-4049-8F17-02D1A6C12A02}.Debug|x64.ActiveCfg = Debug|Any CPU
		{23D6C0F9-7F9A-4049-8F17-02D1A6C12A02}.Debug|x64.Build.0 = Debug|Any CPU
		{23D6C0F9-7F9A-4049-8F17-02D1A6C12A02}.Debug|x86.ActiveCfg = Debug|Any CPU
		{23D6C0F9-7F9A-4049-8F17-02D1A6C12A02}.Debug|x86.Build.0 = Debug|Any CPU
		{23D6C0F9-7F9A-4049-8F17-02D1A6C12A02}.Release|Any CPU.ActiveCfg = Release|Any CPU
		{23D6C0F9-7F9A-4049-8F17-02D1A6C12A02}.Release|Any CPU.Build.0 = Release|Any CPU
		{23D6C0F9-7F9A-4049-8F17-02D1A6C12A02}.Release|x64.ActiveCfg = Release|Any CPU
		{23D6C0F9-7F9A-4049-8F17-02D1A6C12A02}.Release|x64.Build.0 = Release|Any CPU
		{23D6C0F9-7F9A-4049-8F17-02D1A6C12A02}.Release|x86.ActiveCfg = Release|Any CPU
		{23D6C0F9-7F9A-4049-8F17-02D1A6C12A02}.Release|x86.Build.0 = Release|Any CPU
		{371083A2-77A3-4E13-A279-030B098EA9EB}.Debug|Any CPU.ActiveCfg = Debug|Any CPU
		{371083A2-77A3-4E13-A279-030B098EA9EB}.Debug|Any CPU.Build.0 = Debug|Any CPU
		{371083A2-77A3-4E13-A279-030B098EA9EB}.Debug|x64.ActiveCfg = Debug|Any CPU
		{371083A2-77A3-4E13-A279-030B098EA9EB}.Debug|x64.Build.0 = Debug|Any CPU
		{371083A2-77A3-4E13-A279-030B098EA9EB}.Debug|x86.ActiveCfg = Debug|Any CPU
		{371083A2-77A3-4E13-A279-030B098EA9EB}.Debug|x86.Build.0 = Debug|Any CPU
		{371083A2-77A3-4E13-A279-030B098EA9EB}.Release|Any CPU.ActiveCfg = Release|Any CPU
		{371083A2-77A3-4E13-A279-030B098EA9EB}.Release|Any CPU.Build.0 = Release|Any CPU
		{371083A2-77A3-4E13-A279-030B098EA9EB}.Release|x64.ActiveCfg = Release|Any CPU
		{371083A2-77A3-4E13-A279-030B098EA9EB}.Release|x64.Build.0 = Release|Any CPU
		{371083A2-77A3-4E13-A279-030B098EA9EB}.Release|x86.ActiveCfg = Release|Any CPU
		{371083A2-77A3-4E13-A279-030B098EA9EB}.Release|x86.Build.0 = Release|Any CPU
		{A9C7177A-28E5-4179-AAB8-9EB0DCAD3BDE}.Debug|Any CPU.ActiveCfg = Debug|Any CPU
		{A9C7177A-28E5-4179-AAB8-9EB0DCAD3BDE}.Debug|Any CPU.Build.0 = Debug|Any CPU
		{A9C7177A-28E5-4179-AAB8-9EB0DCAD3BDE}.Debug|x64.ActiveCfg = Debug|Any CPU
		{A9C7177A-28E5-4179-AAB8-9EB0DCAD3BDE}.Debug|x64.Build.0 = Debug|Any CPU
		{A9C7177A-28E5-4179-AAB8-9EB0DCAD3BDE}.Debug|x86.ActiveCfg = Debug|Any CPU
		{A9C7177A-28E5-4179-AAB8-9EB0DCAD3BDE}.Debug|x86.Build.0 = Debug|Any CPU
		{A9C7177A-28E5-4179-AAB8-9EB0DCAD3BDE}.Release|Any CPU.ActiveCfg = Release|Any CPU
		{A9C7177A-28E5-4179-AAB8-9EB0DCAD3BDE}.Release|Any CPU.Build.0 = Release|Any CPU
		{A9C7177A-28E5-4179-AAB8-9EB0DCAD3BDE}.Release|x64.ActiveCfg = Release|Any CPU
		{A9C7177A-28E5-4179-AAB8-9EB0DCAD3BDE}.Release|x64.Build.0 = Release|Any CPU
		{A9C7177A-28E5-4179-AAB8-9EB0DCAD3BDE}.Release|x86.ActiveCfg = Release|Any CPU
		{A9C7177A-28E5-4179-AAB8-9EB0DCAD3BDE}.Release|x86.Build.0 = Release|Any CPU
		{734F7C3C-6198-44E2-862D-AEB0861BE378}.Debug|Any CPU.ActiveCfg = Debug|Any CPU
		{734F7C3C-6198-44E2-862D-AEB0861BE378}.Debug|Any CPU.Build.0 = Debug|Any CPU
		{734F7C3C-6198-44E2-862D-AEB0861BE378}.Debug|x64.ActiveCfg = Debug|Any CPU
		{734F7C3C-6198-44E2-862D-AEB0861BE378}.Debug|x64.Build.0 = Debug|Any CPU
		{734F7C3C-6198-44E2-862D-AEB0861BE378}.Debug|x86.ActiveCfg = Debug|Any CPU
		{734F7C3C-6198-44E2-862D-AEB0861BE378}.Debug|x86.Build.0 = Debug|Any CPU
		{734F7C3C-6198-44E2-862D-AEB0861BE378}.Release|Any CPU.ActiveCfg = Release|Any CPU
		{734F7C3C-6198-44E2-862D-AEB0861BE378}.Release|Any CPU.Build.0 = Release|Any CPU
		{734F7C3C-6198-44E2-862D-AEB0861BE378}.Release|x64.ActiveCfg = Release|Any CPU
		{734F7C3C-6198-44E2-862D-AEB0861BE378}.Release|x64.Build.0 = Release|Any CPU
		{734F7C3C-6198-44E2-862D-AEB0861BE378}.Release|x86.ActiveCfg = Release|Any CPU
		{734F7C3C-6198-44E2-862D-AEB0861BE378}.Release|x86.Build.0 = Release|Any CPU
		{16E0FA17-D50A-4DE0-9823-336C3C7B7E58}.Debug|Any CPU.ActiveCfg = Debug|Any CPU
		{16E0FA17-D50A-4DE0-9823-336C3C7B7E58}.Debug|Any CPU.Build.0 = Debug|Any CPU
		{16E0FA17-D50A-4DE0-9823-336C3C7B7E58}.Debug|x64.ActiveCfg = Debug|Any CPU
		{16E0FA17-D50A-4DE0-9823-336C3C7B7E58}.Debug|x64.Build.0 = Debug|Any CPU
		{16E0FA17-D50A-4DE0-9823-336C3C7B7E58}.Debug|x86.ActiveCfg = Debug|Any CPU
		{16E0FA17-D50A-4DE0-9823-336C3C7B7E58}.Debug|x86.Build.0 = Debug|Any CPU
		{16E0FA17-D50A-4DE0-9823-336C3C7B7E58}.Release|Any CPU.ActiveCfg = Release|Any CPU
		{16E0FA17-D50A-4DE0-9823-336C3C7B7E58}.Release|Any CPU.Build.0 = Release|Any CPU
		{16E0FA17-D50A-4DE0-9823-336C3C7B7E58}.Release|x64.ActiveCfg = Release|Any CPU
		{16E0FA17-D50A-4DE0-9823-336C3C7B7E58}.Release|x64.Build.0 = Release|Any CPU
		{16E0FA17-D50A-4DE0-9823-336C3C7B7E58}.Release|x86.ActiveCfg = Release|Any CPU
		{16E0FA17-D50A-4DE0-9823-336C3C7B7E58}.Release|x86.Build.0 = Release|Any CPU
	EndGlobalSection
	GlobalSection(SolutionProperties) = preSolution
		HideSolutionNode = FALSE
	EndGlobalSection
	GlobalSection(NestedProjects) = preSolution
		{23D6C0F9-7F9A-4049-8F17-02D1A6C12A02} = {827E0CD3-B72D-47B6-A68D-7590B98EB39B}
		{371083A2-77A3-4E13-A279-030B098EA9EB} = {827E0CD3-B72D-47B6-A68D-7590B98EB39B}
		{A9C7177A-28E5-4179-AAB8-9EB0DCAD3BDE} = {827E0CD3-B72D-47B6-A68D-7590B98EB39B}
		{734F7C3C-6198-44E2-862D-AEB0861BE378} = {827E0CD3-B72D-47B6-A68D-7590B98EB39B}
		{16E0FA17-D50A-4DE0-9823-336C3C7B7E58} = {827E0CD3-B72D-47B6-A68D-7590B98EB39B}
	EndGlobalSection
EndGlobal
